
Microsoft Visual Studio Solution File, Format Version 12.00
# Visual Studio Version 16
VisualStudioVersion = 16.0.28729.10
MinimumVisualStudioVersion = 10.0.40219.1
Project("{9A19103F-16F7-4668-BE54-9A1E7A4F7556}") = "Kysect.ItmoScheduleSdk", "Kysect.ItmoScheduleSdk\Kysect.ItmoScheduleSdk.csproj", "{9AB14B38-ADC2-4466-8EFD-2909F3EC001D}"
EndProject
Project("{9A19103F-16F7-4668-BE54-9A1E7A4F7556}") = "Kysect.ItmoScheduleSdk.Samples", "Kysect.ItmoScheduleSdk.Samples\Kysect.ItmoScheduleSdk.Samples.csproj", "{1D18272D-1999-46DF-96AE-429E7DA25224}"
EndProject
Global
	GlobalSection(SolutionConfigurationPlatforms) = preSolution
		Debug|Any CPU = Debug|Any CPU
		Release|Any CPU = Release|Any CPU
	EndGlobalSection
	GlobalSection(ProjectConfigurationPlatforms) = postSolution
		{9AB14B38-ADC2-4466-8EFD-2909F3EC001D}.Debug|Any CPU.ActiveCfg = Debug|Any CPU
		{9AB14B38-ADC2-4466-8EFD-2909F3EC001D}.Debug|Any CPU.Build.0 = Debug|Any CPU
		{9AB14B38-ADC2-4466-8EFD-2909F3EC001D}.Release|Any CPU.ActiveCfg = Release|Any CPU
		{9AB14B38-ADC2-4466-8EFD-2909F3EC001D}.Release|Any CPU.Build.0 = Release|Any CPU
		{1D18272D-1999-46DF-96AE-429E7DA25224}.Debug|Any CPU.ActiveCfg = Debug|Any CPU
		{1D18272D-1999-46DF-96AE-429E7DA25224}.Debug|Any CPU.Build.0 = Debug|Any CPU
		{1D18272D-1999-46DF-96AE-429E7DA25224}.Release|Any CPU.ActiveCfg = Release|Any CPU
		{1D18272D-1999-46DF-96AE-429E7DA25224}.Release|Any CPU.Build.0 = Release|Any CPU
	EndGlobalSection
	GlobalSection(SolutionProperties) = preSolution
		HideSolutionNode = FALSE
	EndGlobalSection
	GlobalSection(ExtensibilityGlobals) = postSolution
		SolutionGuid = {592F1062-C266-48F5-9434-A1FC9A8BF27E}
	EndGlobalSection
EndGlobal
